
Microsoft Visual Studio Solution File, Format Version 12.00
# Visual Studio 15
VisualStudioVersion = 15.0.28307.2017
MinimumVisualStudioVersion = 10.0.40219.1
Project("{FAE04EC0-301F-11D3-BF4B-00C04F79EFBC}") = "BasicClassesCars", "ConsoleApp2\BasicClassesCars.csproj", "{B2ED3313-1452-458E-A600-67D61B5B8E26}"
EndProject
Global
	GlobalSection(SolutionConfigurationPlatforms) = preSolution
		Debug|Any CPU = Debug|Any CPU
		Release|Any CPU = Release|Any CPU
	EndGlobalSection
	GlobalSection(ProjectConfigurationPlatforms) = postSolution
		{B2ED3313-1452-458E-A600-67D61B5B8E26}.Debug|Any CPU.ActiveCfg = Debug|Any CPU
		{B2ED3313-1452-458E-A600-67D61B5B8E26}.Debug|Any CPU.Build.0 = Debug|Any CPU
		{B2ED3313-1452-458E-A600-67D61B5B8E26}.Release|Any CPU.ActiveCfg = Release|Any CPU
		{B2ED3313-1452-458E-A600-67D61B5B8E26}.Release|Any CPU.Build.0 = Release|Any CPU
	EndGlobalSection
	GlobalSection(SolutionProperties) = preSolution
		HideSolutionNode = FALSE
	EndGlobalSection
	GlobalSection(ExtensibilityGlobals) = postSolution
		SolutionGuid = {3D32CDD4-646A-421B-8D99-1AD04302D31B}
	EndGlobalSection
EndGlobal
